<?xml version="1.0" encoding="UTF-8" standalone="yes" ?>
<CodeBlocks_project_file>
	<FileVersion major="1" minor="6" />
	<Project>
		<Option title="rlocus" />
		<Option pch_mode="2" />
		<Option compiler="gcc" />
		<Build>
			<Target title="Debug">
				<Option output="bin/Debug/test" prefix_auto="1" extension_auto="1" />
				<Option object_output="obj/Debug/" />
				<Option type="0" />
				<Option compiler="gcc" />
				<Compiler>
					<Add option="-Wall" />
					<Add option="-g" />
					<Add option="`pkg-config --cflags gtk+-2.0 `" />
					<Add directory="../../hpapine/include" />
				</Compiler>
				<Linker>
					<Add option="-lhpapine -lgthread-2.0" />
					<Add option="`pkg-config --libs gtk+-2.0 `" />
					<Add directory="../../hpapine/lib" />
				</Linker>
			</Target>
			<Target title="Release">
				<Option output="./rlocus" prefix_auto="1" extension_auto="1" />
				<Option object_output="obj/Release/" />
				<Option type="0" />
				<Option compiler="gcc" />
				<Compiler>
					<Add option="-O2" />
					<Add option="-Wall" />
					<Add option="`pkg-config --cflags gtk+-2.0 `" />
					<Add directory="../../hpapine/include" />
				</Compiler>
				<Linker>
					<Add option="-s" />
					<Add option="-lhpapine -lgthread-2.0" />
					<Add option="`pkg-config --libs gtk+-2.0 `" />
					<Add directory="../../hpapine/lib" />
				</Linker>
			</Target>
			<Target title="Release HP">
				<Option output="nothing_hp" prefix_auto="0" extension_auto="0" />
				<Option type="1" />
				<Option compiler="gcc" />
				<Option use_console_runner="0" />
				<ExtraCommands>
					<Add before="make" />
					<Mode after="always" />
				</ExtraCommands>
			</Target>
		</Build>
		<Compiler>
			<Add option="-Wall" />
		</Compiler>
		<Unit filename="source/PRF/complex.c">
			<Option compilerVar="CC" />
			<Option target="Debug" />
			<Option target="Release" />
		</Unit>
		<Unit filename="source/PRF/header.h">
			<Option target="Debug" />
			<Option target="Release" />
		</Unit>
		<Unit filename="source/PRF/muller.c">
			<Option compilerVar="CC" />
			<Option target="Debug" />
			<Option target="Release" />
		</Unit>
		<Unit filename="source/PRF/newton.c">
			<Option compilerVar="CC" />
			<Option target="Debug" />
			<Option target="Release" />
		</Unit>
		<Unit filename="source/PRF/null.c">
			<Option compilerVar="CC" />
			<Option target="Debug" />
			<Option target="Release" />
		</Unit>
		<Unit filename="source/PRF/tools.c">
			<Option compilerVar="CC" />
			<Option target="Debug" />
			<Option target="Release" />
		</Unit>
		<Unit filename="source/main.c">
			<Option compilerVar="CC" />
			<Option target="Debug" />
			<Option target="Release" />
		</Unit>
		<Extensions>
			<code_completion />
			<envvars />
			<lib_finder disable_auto="1" />
			<debugger />
		</Extensions>
	</Project>
</CodeBlocks_project_file>
